
Microsoft Visual Studio Solution File, Format Version 12.00
# Visual Studio Version 17
VisualStudioVersion = 17.5.002.0
MinimumVisualStudioVersion = 10.0.40219.1
Project("{2150E333-8FDC-42A3-9474-1A3956D46DE8}") = "sandbox", "sandbox", "{00CBA44B-B5C1-478D-A87D-689529701C10}"
EndProject
Project("{9A19103F-16F7-4668-BE54-9A1E7A4F7556}") = "sandbox_project", "sandbox\sandbox_project\sandbox_project.csproj", "{5B34D6DC-C026-489E-A709-356F464740ED}"
EndProject
Project("{2150E333-8FDC-42A3-9474-1A3956D46DE8}") = "week01", "week01", "{C2AAF404-5DEB-46F2-84CA-DE3FF81309DB}"
EndProject
Project("{9A19103F-16F7-4668-BE54-9A1E7A4F7556}") = "analyze", "week01\analyze\analyze.csproj", "{2B651D94-2CDC-43DC-9B62-B5FD92EFE3EF}"
EndProject
Project("{9A19103F-16F7-4668-BE54-9A1E7A4F7556}") = "code", "week01\code\code.csproj", "{3B27F5CB-3597-437B-9794-6E8DA4E1F0D3}"
EndProject
Project("{9A19103F-16F7-4668-BE54-9A1E7A4F7556}") = "teach", "week01\teach\teach.csproj", "{CA68F1C5-BE6B-455B-9E8F-A901DBF916D3}"
EndProject
Project("{2150E333-8FDC-42A3-9474-1A3956D46DE8}") = "week02", "week02", "{28B81AA7-D180-40D2-80F7-895F38856C02}"
EndProject
Project("{9A19103F-16F7-4668-BE54-9A1E7A4F7556}") = "analyze", "week02\analyze\analyze.csproj", "{06CEB6C7-E3AB-4584-BCD8-9C666F406912}"
EndProject
Project("{9A19103F-16F7-4668-BE54-9A1E7A4F7556}") = "code", "week02\code\code.csproj", "{A63221A3-1E53-448F-BB9D-23000912EE80}"
EndProject
Project("{9A19103F-16F7-4668-BE54-9A1E7A4F7556}") = "learn", "week02\learn\learn.csproj", "{6B8E51E9-3AF6-4BF1-A0CF-42929CA330A9}"
EndProject
Project("{9A19103F-16F7-4668-BE54-9A1E7A4F7556}") = "teach", "week02\teach\teach.csproj", "{BF210FFA-A1C8-43D6-B64A-1ED7B6808A95}"
EndProject
Project("{2150E333-8FDC-42A3-9474-1A3956D46DE8}") = "week03", "week03", "{63D3E3FD-5F04-41D3-BFA5-F14EC1094EB3}"
EndProject
Project("{9A19103F-16F7-4668-BE54-9A1E7A4F7556}") = "code", "week03\code\code.csproj", "{1D31D190-2769-42C2-A694-AC2275679FEC}"
EndProject
Project("{9A19103F-16F7-4668-BE54-9A1E7A4F7556}") = "learn", "week03\learn\learn.csproj", "{77C5398D-E009-49FE-BEBF-5D887AE10729}"
EndProject
Project("{9A19103F-16F7-4668-BE54-9A1E7A4F7556}") = "teach", "week03\teach\teach.csproj", "{B19F5F37-432A-4227-BF7B-3B3B20746E55}"
EndProject
Project("{2150E333-8FDC-42A3-9474-1A3956D46DE8}") = "week04", "week04", "{8725DA24-F26E-45A4-9068-648CC5C7534A}"
EndProject
Project("{9A19103F-16F7-4668-BE54-9A1E7A4F7556}") = "code", "week04\code\code.csproj", "{45397A69-F509-4F7E-95B4-5994DBA37216}"
EndProject
Project("{2150E333-8FDC-42A3-9474-1A3956D46DE8}") = "week05", "week05", "{02D70093-E527-48FE-9640-51AFA1B50E93}"
EndProject
Project("{9A19103F-16F7-4668-BE54-9A1E7A4F7556}") = "code", "week05\code\code.csproj", "{CC389ED0-168A-4609-BDCD-C3E2CF6C448F}"
EndProject
Project("{2150E333-8FDC-42A3-9474-1A3956D46DE8}") = "week06", "week06", "{42AE1435-AD9D-416F-A7BD-CC7A0D63A6A0}"
EndProject
Project("{9A19103F-16F7-4668-BE54-9A1E7A4F7556}") = "code", "week06\code\code.csproj", "{C7C1EF5E-B2E6-4C34-8C2D-EAAB6B82A3E6}"
EndProject
Global
	GlobalSection(SolutionConfigurationPlatforms) = preSolution
		Debug|Any CPU = Debug|Any CPU
		Release|Any CPU = Release|Any CPU
	EndGlobalSection
	GlobalSection(ProjectConfigurationPlatforms) = postSolution
		{5B34D6DC-C026-489E-A709-356F464740ED}.Debug|Any CPU.ActiveCfg = Debug|Any CPU
		{5B34D6DC-C026-489E-A709-356F464740ED}.Debug|Any CPU.Build.0 = Debug|Any CPU
		{5B34D6DC-C026-489E-A709-356F464740ED}.Release|Any CPU.ActiveCfg = Release|Any CPU
		{5B34D6DC-C026-489E-A709-356F464740ED}.Release|Any CPU.Build.0 = Release|Any CPU
		{2B651D94-2CDC-43DC-9B62-B5FD92EFE3EF}.Debug|Any CPU.ActiveCfg = Debug|Any CPU
		{2B651D94-2CDC-43DC-9B62-B5FD92EFE3EF}.Debug|Any CPU.Build.0 = Debug|Any CPU
		{2B651D94-2CDC-43DC-9B62-B5FD92EFE3EF}.Release|Any CPU.ActiveCfg = Release|Any CPU
		{2B651D94-2CDC-43DC-9B62-B5FD92EFE3EF}.Release|Any CPU.Build.0 = Release|Any CPU
		{3B27F5CB-3597-437B-9794-6E8DA4E1F0D3}.Debug|Any CPU.ActiveCfg = Debug|Any CPU
		{3B27F5CB-3597-437B-9794-6E8DA4E1F0D3}.Debug|Any CPU.Build.0 = Debug|Any CPU
		{3B27F5CB-3597-437B-9794-6E8DA4E1F0D3}.Release|Any CPU.ActiveCfg = Release|Any CPU
		{3B27F5CB-3597-437B-9794-6E8DA4E1F0D3}.Release|Any CPU.Build.0 = Release|Any CPU
		{CA68F1C5-BE6B-455B-9E8F-A901DBF916D3}.Debug|Any CPU.ActiveCfg = Debug|Any CPU
		{CA68F1C5-BE6B-455B-9E8F-A901DBF916D3}.Debug|Any CPU.Build.0 = Debug|Any CPU
		{CA68F1C5-BE6B-455B-9E8F-A901DBF916D3}.Release|Any CPU.ActiveCfg = Release|Any CPU
		{CA68F1C5-BE6B-455B-9E8F-A901DBF916D3}.Release|Any CPU.Build.0 = Release|Any CPU
		{06CEB6C7-E3AB-4584-BCD8-9C666F406912}.Debug|Any CPU.ActiveCfg = Debug|Any CPU
		{06CEB6C7-E3AB-4584-BCD8-9C666F406912}.Debug|Any CPU.Build.0 = Debug|Any CPU
		{06CEB6C7-E3AB-4584-BCD8-9C666F406912}.Release|Any CPU.ActiveCfg = Release|Any CPU
		{06CEB6C7-E3AB-4584-BCD8-9C666F406912}.Release|Any CPU.Build.0 = Release|Any CPU
		{A63221A3-1E53-448F-BB9D-23000912EE80}.Debug|Any CPU.ActiveCfg = Debug|Any CPU
		{A63221A3-1E53-448F-BB9D-23000912EE80}.Debug|Any CPU.Build.0 = Debug|Any CPU
		{A63221A3-1E53-448F-BB9D-23000912EE80}.Release|Any CPU.ActiveCfg = Release|Any CPU
		{A63221A3-1E53-448F-BB9D-23000912EE80}.Release|Any CPU.Build.0 = Release|Any CPU
		{6B8E51E9-3AF6-4BF1-A0CF-42929CA330A9}.Debug|Any CPU.ActiveCfg = Debug|Any CPU
		{6B8E51E9-3AF6-4BF1-A0CF-42929CA330A9}.Debug|Any CPU.Build.0 = Debug|Any CPU
		{6B8E51E9-3AF6-4BF1-A0CF-42929CA330A9}.Release|Any CPU.ActiveCfg = Release|Any CPU
		{6B8E51E9-3AF6-4BF1-A0CF-42929CA330A9}.Release|Any CPU.Build.0 = Release|Any CPU
		{BF210FFA-A1C8-43D6-B64A-1ED7B6808A95}.Debug|Any CPU.ActiveCfg = Debug|Any CPU
		{BF210FFA-A1C8-43D6-B64A-1ED7B6808A95}.Debug|Any CPU.Build.0 = Debug|Any CPU
		{BF210FFA-A1C8-43D6-B64A-1ED7B6808A95}.Release|Any CPU.ActiveCfg = Release|Any CPU
		{BF210FFA-A1C8-43D6-B64A-1ED7B6808A95}.Release|Any CPU.Build.0 = Release|Any CPU
		{1D31D190-2769-42C2-A694-AC2275679FEC}.Debug|Any CPU.ActiveCfg = Debug|Any CPU
		{1D31D190-2769-42C2-A694-AC2275679FEC}.Debug|Any CPU.Build.0 = Debug|Any CPU
		{1D31D190-2769-42C2-A694-AC2275679FEC}.Release|Any CPU.ActiveCfg = Release|Any CPU
		{1D31D190-2769-42C2-A694-AC2275679FEC}.Release|Any CPU.Build.0 = Release|Any CPU
		{77C5398D-E009-49FE-BEBF-5D887AE10729}.Debug|Any CPU.ActiveCfg = Debug|Any CPU
		{77C5398D-E009-49FE-BEBF-5D887AE10729}.Debug|Any CPU.Build.0 = Debug|Any CPU
		{77C5398D-E009-49FE-BEBF-5D887AE10729}.Release|Any CPU.ActiveCfg = Release|Any CPU
		{77C5398D-E009-49FE-BEBF-5D887AE10729}.Release|Any CPU.Build.0 = Release|Any CPU
		{B19F5F37-432A-4227-BF7B-3B3B20746E55}.Debug|Any CPU.ActiveCfg = Debug|Any CPU
		{B19F5F37-432A-4227-BF7B-3B3B20746E55}.Debug|Any CPU.Build.0 = Debug|Any CPU
		{B19F5F37-432A-4227-BF7B-3B3B20746E55}.Release|Any CPU.ActiveCfg = Release|Any CPU
		{B19F5F37-432A-4227-BF7B-3B3B20746E55}.Release|Any CPU.Build.0 = Release|Any CPU
		{45397A69-F509-4F7E-95B4-5994DBA37216}.Debug|Any CPU.ActiveCfg = Debug|Any CPU
		{45397A69-F509-4F7E-95B4-5994DBA37216}.Debug|Any CPU.Build.0 = Debug|Any CPU
		{45397A69-F509-4F7E-95B4-5994DBA37216}.Release|Any CPU.ActiveCfg = Release|Any CPU
		{45397A69-F509-4F7E-95B4-5994DBA37216}.Release|Any CPU.Build.0 = Release|Any CPU
		{CC389ED0-168A-4609-BDCD-C3E2CF6C448F}.Debug|Any CPU.ActiveCfg = Debug|Any CPU
		{CC389ED0-168A-4609-BDCD-C3E2CF6C448F}.Debug|Any CPU.Build.0 = Debug|Any CPU
		{CC389ED0-168A-4609-BDCD-C3E2CF6C448F}.Release|Any CPU.ActiveCfg = Release|Any CPU
		{CC389ED0-168A-4609-BDCD-C3E2CF6C448F}.Release|Any CPU.Build.0 = Release|Any CPU
		{C7C1EF5E-B2E6-4C34-8C2D-EAAB6B82A3E6}.Debug|Any CPU.ActiveCfg = Debug|Any CPU
		{C7C1EF5E-B2E6-4C34-8C2D-EAAB6B82A3E6}.Debug|Any CPU.Build.0 = Debug|Any CPU
		{C7C1EF5E-B2E6-4C34-8C2D-EAAB6B82A3E6}.Release|Any CPU.ActiveCfg = Release|Any CPU
		{C7C1EF5E-B2E6-4C34-8C2D-EAAB6B82A3E6}.Release|Any CPU.Build.0 = Release|Any CPU
	EndGlobalSection
	GlobalSection(SolutionProperties) = preSolution
		HideSolutionNode = FALSE
	EndGlobalSection
	GlobalSection(NestedProjects) = preSolution
		{5B34D6DC-C026-489E-A709-356F464740ED} = {00CBA44B-B5C1-478D-A87D-689529701C10}
		{2B651D94-2CDC-43DC-9B62-B5FD92EFE3EF} = {C2AAF404-5DEB-46F2-84CA-DE3FF81309DB}
		{3B27F5CB-3597-437B-9794-6E8DA4E1F0D3} = {C2AAF404-5DEB-46F2-84CA-DE3FF81309DB}
		{CA68F1C5-BE6B-455B-9E8F-A901DBF916D3} = {C2AAF404-5DEB-46F2-84CA-DE3FF81309DB}
		{06CEB6C7-E3AB-4584-BCD8-9C666F406912} = {28B81AA7-D180-40D2-80F7-895F38856C02}
		{A63221A3-1E53-448F-BB9D-23000912EE80} = {28B81AA7-D180-40D2-80F7-895F38856C02}
		{6B8E51E9-3AF6-4BF1-A0CF-42929CA330A9} = {28B81AA7-D180-40D2-80F7-895F38856C02}
		{BF210FFA-A1C8-43D6-B64A-1ED7B6808A95} = {28B81AA7-D180-40D2-80F7-895F38856C02}
		{1D31D190-2769-42C2-A694-AC2275679FEC} = {63D3E3FD-5F04-41D3-BFA5-F14EC1094EB3}
		{77C5398D-E009-49FE-BEBF-5D887AE10729} = {63D3E3FD-5F04-41D3-BFA5-F14EC1094EB3}
		{B19F5F37-432A-4227-BF7B-3B3B20746E55} = {63D3E3FD-5F04-41D3-BFA5-F14EC1094EB3}
		{45397A69-F509-4F7E-95B4-5994DBA37216} = {8725DA24-F26E-45A4-9068-648CC5C7534A}
		{CC389ED0-168A-4609-BDCD-C3E2CF6C448F} = {02D70093-E527-48FE-9640-51AFA1B50E93}
		{C7C1EF5E-B2E6-4C34-8C2D-EAAB6B82A3E6} = {42AE1435-AD9D-416F-A7BD-CC7A0D63A6A0}
	EndGlobalSection
	GlobalSection(ExtensibilityGlobals) = postSolution
		SolutionGuid = {CBC121F7-AED1-406B-8A22-12DAF04A598F}
	EndGlobalSection
EndGlobal
